github.com/aws/aws-lambda-go v1.49.0 h1:z4VhTqkFZPM3xpEtTqWqRqsRH4TZBMJqTkRiBPYLqIQ=
github.com/aws/aws-lambda-go v1.49.0/go.mod h1:dpMpZgvWx5vuQJfBt0zqBha60q7Dd7RfgJv23DymV8A=
github.com/aws/aws-sdk-go-v2 v1.37.0 h1:YtCOESR/pN4j5oA7cVHSfOwIcuh/KwHC4DOSXFbv5F0=
github.com/aws/aws-sdk-go-v2 v1.37.0/go.mod h1:9Q0OoGQoboYIAJyslFyF1f5K1Ryddop8gqMhWx/n4Wg=
github.com/aws/aws-sdk-go-v2/config v1.30.0 h1:XhzXYU2x/T441/0CBh0g6UUC/OFGk+FRpl3ThI8AqM8=
github.com/aws/aws-sdk-go-v2/config v1.30.0/go.mod h1:4j78A2ko2xc7SMLjjSUrgpp42vyneH9c8j3emf/CLTo=
github.com/aws/aws-sdk-go-v2/credentials v1.18.0 h1:r9W/BX4B1dEbsd2NogyuFXmEfYhdUULUVEOh0SDAovw=
github.com/aws/aws-sdk-go-v2/credentials v1.18.0/go.mod h1:SMtUJQRWEpyfC+ouDJNYdI7NNMqUjHM/Oaf0FV+vWNs=
github.com/aws/aws-sdk-go-v2/feature/dynamodb/attributevalue v1.20.0 h1:aoXu9ziqm5KAkz03LRjAOQwJMDxJ7OUQjk41JLZrp8U=
github.com/aws/aws-sdk-go-v2/feature/dynamodb/attributevalue v1.20.0/go.mod h1:6rPNJxj+oOXa7jiupAsgba9WBnIhPrkMQeKw/O/qGKo=
github.com/aws/aws-sdk-go-v2/feature/ec2/imds v1.17.0 h1:ouCRc4lCriJtCnrIN4Kw2tA/uETRZBrxwb/607gRvkE=
github.com/aws/aws-sdk-go-v2/feature/ec2/imds v1.17.0/go.mod h1:LW9/PxQD1SYFC7pnWcgqPhoyZprhjEdg5hBK6qYPLW8=
github.com/aws/aws-sdk-go-v2/internal/configsources v1.4.0 h1:H2iZoqW/v2Jnrh1FnU725Bq6KJ0k2uP63yH+DcY+HUI=
github.com/aws/aws-sdk-go-v2/internal/configsources v1.4.0/go.mod h1:L0FqLbwMXHvNC/7crWV1iIxUlOKYZUE8KuTIA+TozAI=
github.com/aws/aws-sdk-go-v2/internal/endpoints/v2 v2.7.0 h1:EDped/rNzAhFPhVY0sDGbtD16OKqksfA8OjF/kLEgw8=
github.com/aws/aws-sdk-go-v2/internal/endpoints/v2 v2.7.0/go.mod h1:uUI335jvzpZRPpjYx6ODc/wg1qH+NnoSTK/FwVeK0C0=
github.com/aws/aws-sdk-go-v2/internal/ini v1.8.3 h1:bIqFDwgGXXN1Kpp99pDOdKMTTb5d2KyU5X/BZxjOkRo=
github.com/aws/aws-sdk-go-v2/internal/ini v1.8.3/go.mod h1:H5O/EsxDWyU+LP/V8i5sm8cxoZgc2fdNR9bxlOFrQTo=
github.com/aws/aws-sdk-go-v2/service/dynamodb v1.45.0 h1:b71OPISZ5Tj4ehCRJKnabIq2U68pldgKqhiUMHnVNQ4=
github.com/aws/aws-sdk-go-v2/service/dynamodb v1.45.0/go.mod h1:+ZRTIYCk/PNwz8+ZGLBzvFu7Nl1/w7phtbEZFlvOZWc=
github.com/aws/aws-sdk-go-v2/service/dynamodbstreams v1.27.0 h1:QkM+uPkxFcbziCsngfGoWmSqoGIKiLQBm3kfRn6TcqA=
github.com/aws/aws-sdk-go-v2/service/dynamodbstreams v1.27.0/go.mod h1:ypO6bKwR/ir/ApZtN8MkDDcmeqvBskIbDxjqmcCUJOw=
github.com/aws/aws-sdk-go-v2/service/internal/accept-encoding v1.13.0 h1:6+lZi2JeGKtCraAj1rpoZfKqnQ9SptseRZioejfUOLM=
github.com/aws/aws-sdk-go-v2/service/internal/accept-encoding v1.13.0/go.mod h1:eb3gfbVIxIoGgJsi9pGne19dhCBpK6opTYpQqAmdy44=
github.com/aws/aws-sdk-go-v2/service/internal/endpoint-discovery v1.11.0 h1:d/XdC88Wp2JVsomt1yw+nQgAX42fYwZlEK4K4zzHZuA=
github.com/aws/aws-sdk-go-v2/service/internal/endpoint-discovery v1.11.0/go.mod h1:ZfRwNlclmR48RAgflKBOi43bY1MjvraHZPsG3A/i0iw=
github.com/aws/aws-sdk-go-v2/service/internal/presigned-url v1.13.0 h1:eRhU3Sh8dGbaniI6B+I48XJMrTPRkK4DKo+vqIxziOU=
github.com/aws/aws-sdk-go-v2/service/internal/presigned-url v1.13.0/go.mod h1:paNLV18DZ6FnWE/bd06RIKPDIFpjuvCkGKWTG/GDBeM=
github.com/aws/aws-sdk-go-v2/service/sso v1.26.0 h1:cuFWHH87GP1NBGXXfMicUbE7Oty5KpPxN6w4JpmuxYc=
github.com/aws/aws-sdk-go-v2/service/sso v1.26.0/go.mod h1:aJBemdlbCKyOXEXdXBqS7E+8S9XTDcOTaoOjtng54hA=
github.com/aws/aws-sdk-go-v2/service/ssooidc v1.31.0 h1:t2va+wewPOYIqC6XyJ4MGjiGKkczMAPsgq5W4FtL9ME=
github.com/aws/aws-sdk-go-v2/service/ssooidc v1.31.0/go.mod h1:ExCTcqYqN0hYYRsDlBVU8+68grqlWdgX9/nZJwQW4aY=
github.com/aws/aws-sdk-go-v2/service/sts v1.35.0 h1:FD9agdG4CeOGS3ORLByJk56YIXDS7mxFpmZyCtpqExc=
github.com/aws/aws-sdk-go-v2/service/sts v1.35.0/go.mod h1:NDzDPbBF1xtSTZUMuZx0w3hIfWzcL7X2AQ0Tr9becIQ=
github.com/aws/smithy-go v1.22.5 h1:P9ATCXPMb2mPjYBgueqJNCA5S9UfktsW0tTxi+a7eqw=
github.com/aws/smithy-go v1.22.5/go.mod h1:t1ufH5HMublsJYulve2RKmHDC15xu1f26kHCp/HgceI=
github.com/davecgh/go-spew v1.1.1 h1:vj9j/u1bqnvCEfJOwUhtlOARqs3+rkHYY13jYWTU97c=
github.com/davecgh/go-spew v1.1.1/go.mod h1:J7Y8YcW2NihsgmVo/mv3lAwl/skON4iLHjSsI+c5H38=
github.com/pmezard/go-difflib v1.0.0 h1:4DBwDE0NGyQoBHbLQYPwSUPoCMWR5BEzIk/f1lZbAQM=
github.com/pmezard/go-difflib v1.0.0/go.mod h1:iKH77koFhYxTK1pcRnkKkqfTogsbg7gZNVY4sRDYZ/4=
github.com/stretchr/testify v1.7.2 h1:4jaiDzPyXQvSd7D0EjG45355tLlV3VOECpq10pLC+8s=
github.com/stretchr/testify v1.7.2/go.mod h1:R6va5+xMeoiuVRoj+gSkQ7d3FALtqAAGI1FQKckRals=
gopkg.in/yaml.v3 v3.0.1 h1:fxVm/GzAzEWqLHuvctI91KS9hhNmmWOoWu0XTYJS7CA=
gopkg.in/yaml.v3 v3.0.1/go.mod h1:K4uyk7z7BCEPqu6E+C64Yfv1cQ7kz7rIZviUmN+EgEM=
